
Microsoft Visual Studio Solution File, Format Version 12.00
# Visual Studio 2013
VisualStudioVersion = 12.0.40629.0
MinimumVisualStudioVersion = 10.0.40219.1
Project("{FAE04EC0-301F-11D3-BF4B-00C04F79EFBC}") = "YoutubeListSyncronizer", "YoutubeListSyncronizer\YoutubeListSyncronizer.csproj", "{A780EEA3-F19C-47FD-B6A5-9316C4A2F2D9}"
EndProject
Project("{FAE04EC0-301F-11D3-BF4B-00C04F79EFBC}") = "Swagger.YTAPI", "Swagger.YTAPI\Swagger.YTAPI.csproj", "{33EA22BB-89C5-4230-8BDB-052CD608D00D}"
EndProject
Global
	GlobalSection(SolutionConfigurationPlatforms) = preSolution
		Debug|Any CPU = Debug|Any CPU
		Release|Any CPU = Release|Any CPU
	EndGlobalSection
	GlobalSection(ProjectConfigurationPlatforms) = postSolution
		{A780EEA3-F19C-47FD-B6A5-9316C4A2F2D9}.Debug|Any CPU.ActiveCfg = Debug|Any CPU
		{A780EEA3-F19C-47FD-B6A5-9316C4A2F2D9}.Debug|Any CPU.Build.0 = Debug|Any CPU
		{A780EEA3-F19C-47FD-B6A5-9316C4A2F2D9}.Release|Any CPU.ActiveCfg = Release|Any CPU
		{A780EEA3-F19C-47FD-B6A5-9316C4A2F2D9}.Release|Any CPU.Build.0 = Release|Any CPU
		{33EA22BB-89C5-4230-8BDB-052CD608D00D}.Debug|Any CPU.ActiveCfg = Debug|Any CPU
		{33EA22BB-89C5-4230-8BDB-052CD608D00D}.Debug|Any CPU.Build.0 = Debug|Any CPU
		{33EA22BB-89C5-4230-8BDB-052CD608D00D}.Release|Any CPU.ActiveCfg = Release|Any CPU
		{33EA22BB-89C5-4230-8BDB-052CD608D00D}.Release|Any CPU.Build.0 = Release|Any CPU
	EndGlobalSection
	GlobalSection(SolutionProperties) = preSolution
		HideSolutionNode = FALSE
	EndGlobalSection
EndGlobal
